{
  "nodes": {
    "envycontrol": {
      "inputs": {
        "nixpkgs": [
          "nixpkgs"
        ]
      },
      "locked": {
        "lastModified": 1757901893,
        "narHash": "sha256-8+zSstGZtZXiv5aUju83y+27RbT5WVYdv9uhkQ0PJR8=",
        "owner": "bayasdev",
        "repo": "envycontrol",
        "rev": "cbfa94b5d40a8046f4e188bcc9ff01df77ebf7e1",
        "type": "github"
      },
      "original": {
        "owner": "bayasdev",
        "repo": "envycontrol",
        "type": "github"
      }
    },
    "nixpkgs": {
      "locked": {
        "lastModified": 1761114652,
        "narHash": "sha256-f/QCJM/YhrV/lavyCVz8iU3rlZun6d+dAiC3H+CDle4=",
        "owner": "NixOS",
        "repo": "nixpkgs",
        "rev": "01f116e4df6a15f4ccdffb1bcd41096869fb385c",
        "type": "github"
      },
      "original": {
        "owner": "NixOS",
        "ref": "nixos-unstable",
        "repo": "nixpkgs",
        "type": "github"
      }
    },
    "root": {
      "inputs": {
        "envycontrol": "envycontrol",
        "nixpkgs": "nixpkgs"
      }
    }
  },
  "root": "root",
  "version": 7
}
